// !$*UTF8*$!
{
	archiveVersion = 1;
	classes = {
	};
	objectVersion = 50;
	objects = {

/* Begin PBXBuildFile section */
		F40507DE20C6B60B001345A4 /* Extension + Array.swift in Sources */ = {isa = PBXBuildFile; fileRef = F40507DD20C6B60B001345A4 /* Extension + Array.swift */; };
		F430812C20C659990023BA36 /* BaseDemoVC.swift in Sources */ = {isa = PBXBuildFile; fileRef = F430812B20C659990023BA36 /* BaseDemoVC.swift */; };
		F430813120C68DED0023BA36 /* GradientDemoVC.swift in Sources */ = {isa = PBXBuildFile; fileRef = F430813020C68DED0023BA36 /* GradientDemoVC.swift */; };
		F4371CAE20B01885004FDE6B /* BatteryView.swift in Sources */ = {isa = PBXBuildFile; fileRef = F4371CAD20B01885004FDE6B /* BatteryView.swift */; };
		F4371CB020B01901004FDE6B /* Extension + UIView.swift in Sources */ = {isa = PBXBuildFile; fileRef = F4371CAF20B01901004FDE6B /* Extension + UIView.swift */; };
		F4371CB220B0192B004FDE6B /* Extension + NSObject.swift in Sources */ = {isa = PBXBuildFile; fileRef = F4371CB120B0192B004FDE6B /* Extension + NSObject.swift */; };
		F4371CB420B01AE4004FDE6B /* BlurEffectHelper.swift in Sources */ = {isa = PBXBuildFile; fileRef = F4371CB320B01AE4004FDE6B /* BlurEffectHelper.swift */; };
		F4371CB620B01CC2004FDE6B /* GradientHelper'.swift in Sources */ = {isa = PBXBuildFile; fileRef = F4371CB520B01CC2004FDE6B /* GradientHelper'.swift */; };
		F482B32220B03BDF0040DD7C /* BlurBatteryView.swift in Sources */ = {isa = PBXBuildFile; fileRef = F482B32120B03BDF0040DD7C /* BlurBatteryView.swift */; };
		F4AE19DC20C38B5A009D4700 /* MaskVC.swift in Sources */ = {isa = PBXBuildFile; fileRef = F4AE19DB20C38B5A009D4700 /* MaskVC.swift */; };
		F4AE19DF20C38D52009D4700 /* TVCell.swift in Sources */ = {isa = PBXBuildFile; fileRef = F4AE19DD20C38D52009D4700 /* TVCell.swift */; };
		F4AE19E020C38D52009D4700 /* TVCell.xib in Resources */ = {isa = PBXBuildFile; fileRef = F4AE19DE20C38D52009D4700 /* TVCell.xib */; };
		F4AE19E320C38E98009D4700 /* Extension + UITableView.swift in Sources */ = {isa = PBXBuildFile; fileRef = F4AE19E220C38E98009D4700 /* Extension + UITableView.swift */; };
		F4FD0E1520AFCA680092DC90 /* AppDelegate.swift in Sources */ = {isa = PBXBuildFile; fileRef = F4FD0E1420AFCA680092DC90 /* AppDelegate.swift */; };
		F4FD0E1720AFCA680092DC90 /* BatteryVC.swift in Sources */ = {isa = PBXBuildFile; fileRef = F4FD0E1620AFCA680092DC90 /* BatteryVC.swift */; };
		F4FD0E1A20AFCA680092DC90 /* Main.storyboard in Resources */ = {isa = PBXBuildFile; fileRef = F4FD0E1820AFCA680092DC90 /* Main.storyboard */; };
		F4FD0E1C20AFCA690092DC90 /* Assets.xcassets in Resources */ = {isa = PBXBuildFile; fileRef = F4FD0E1B20AFCA690092DC90 /* Assets.xcassets */; };
		F4FD0E1F20AFCA690092DC90 /* LaunchScreen.storyboard in Resources */ = {isa = PBXBuildFile; fileRef = F4FD0E1D20AFCA690092DC90 /* LaunchScreen.storyboard */; };
/* End PBXBuildFile section */

/* Begin PBXFileReference section */
		F40507DD20C6B60B001345A4 /* Extension + Array.swift */ = {isa = PBXFileReference; lastKnownFileType = sourcecode.swift; path = "Extension + Array.swift"; sourceTree = "<group>"; };
		F430812B20C659990023BA36 /* BaseDemoVC.swift */ = {isa = PBXFileReference; lastKnownFileType = sourcecode.swift; path = BaseDemoVC.swift; sourceTree = "<group>"; };
		F430813020C68DED0023BA36 /* GradientDemoVC.swift */ = {isa = PBXFileReference; lastKnownFileType = sourcecode.swift; path = GradientDemoVC.swift; sourceTree = "<group>"; };
		F4371CAD20B01885004FDE6B /* BatteryView.swift */ = {isa = PBXFileReference; lastKnownFileType = sourcecode.swift; path = BatteryView.swift; sourceTree = "<group>"; };
		F4371CAF20B01901004FDE6B /* Extension + UIView.swift */ = {isa = PBXFileReference; lastKnownFileType = sourcecode.swift; path = "Extension + UIView.swift"; sourceTree = "<group>"; };
		F4371CB120B0192B004FDE6B /* Extension + NSObject.swift */ = {isa = PBXFileReference; lastKnownFileType = sourcecode.swift; path = "Extension + NSObject.swift"; sourceTree = "<group>"; };
		F4371CB320B01AE4004FDE6B /* BlurEffectHelper.swift */ = {isa = PBXFileReference; lastKnownFileType = sourcecode.swift; path = BlurEffectHelper.swift; sourceTree = "<group>"; };
		F4371CB520B01CC2004FDE6B /* GradientHelper'.swift */ = {isa = PBXFileReference; lastKnownFileType = sourcecode.swift; path = "GradientHelper'.swift"; sourceTree = "<group>"; };
		F482B32120B03BDF0040DD7C /* BlurBatteryView.swift */ = {isa = PBXFileReference; lastKnownFileType = sourcecode.swift; path = BlurBatteryView.swift; sourceTree = "<group>"; };
		F4AE19DB20C38B5A009D4700 /* MaskVC.swift */ = {isa = PBXFileReference; lastKnownFileType = sourcecode.swift; path = MaskVC.swift; sourceTree = "<group>"; };
		F4AE19DD20C38D52009D4700 /* TVCell.swift */ = {isa = PBXFileReference; lastKnownFileType = sourcecode.swift; path = TVCell.swift; sourceTree = "<group>"; };
		F4AE19DE20C38D52009D4700 /* TVCell.xib */ = {isa = PBXFileReference; lastKnownFileType = file.xib; path = TVCell.xib; sourceTree = "<group>"; };
		F4AE19E220C38E98009D4700 /* Extension + UITableView.swift */ = {isa = PBXFileReference; lastKnownFileType = sourcecode.swift; path = "Extension + UITableView.swift"; sourceTree = "<group>"; };
		F4FD0E1120AFCA680092DC90 /* GradientDemo.app */ = {isa = PBXFileReference; explicitFileType = wrapper.application; includeInIndex = 0; path = GradientDemo.app; sourceTree = BUILT_PRODUCTS_DIR; };
		F4FD0E1420AFCA680092DC90 /* AppDelegate.swift */ = {isa = PBXFileReference; lastKnownFileType = sourcecode.swift; path = AppDelegate.swift; sourceTree = "<group>"; };
		F4FD0E1620AFCA680092DC90 /* BatteryVC.swift */ = {isa = PBXFileReference; lastKnownFileType = sourcecode.swift; path = BatteryVC.swift; sourceTree = "<group>"; };
		F4FD0E1920AFCA680092DC90 /* Base */ = {isa = PBXFileReference; lastKnownFileType = file.storyboard; name = Base; path = Base.lproj/Main.storyboard; sourceTree = "<group>"; };
		F4FD0E1B20AFCA690092DC90 /* Assets.xcassets */ = {isa = PBXFileReference; lastKnownFileType = folder.assetcatalog; path = Assets.xcassets; sourceTree = "<group>"; };
		F4FD0E1E20AFCA690092DC90 /* Base */ = {isa = PBXFileReference; lastKnownFileType = file.storyboard; name = Base; path = Base.lproj/LaunchScreen.storyboard; sourceTree = "<group>"; };
		F4FD0E2020AFCA690092DC90 /* Info.plist */ = {isa = PBXFileReference; lastKnownFileType = text.plist.xml; path = Info.plist; sourceTree = "<group>"; };
/* End PBXFileReference section */

/* Begin PBXFrameworksBuildPhase section */
		F4FD0E0E20AFCA680092DC90 /* Frameworks */ = {
			isa = PBXFrameworksBuildPhase;
			buildActionMask = 2147483647;
			files = (
			);
			runOnlyForDeploymentPostprocessing = 0;
		};
/* End PBXFrameworksBuildPhase section */

/* Begin PBXGroup section */
		F4371CAC20B0185F004FDE6B /* CustomUI */ = {
			isa = PBXGroup;
			children = (
				F4371CAD20B01885004FDE6B /* BatteryView.swift */,
				F482B32120B03BDF0040DD7C /* BlurBatteryView.swift */,
			);
			path = CustomUI;
			sourceTree = "<group>";
		};
		F4FD0E0820AFCA680092DC90 = {
			isa = PBXGroup;
			children = (
				F4FD0E1320AFCA680092DC90 /* GradientDemo */,
				F4FD0E1220AFCA680092DC90 /* Products */,
			);
			sourceTree = "<group>";
		};
		F4FD0E1220AFCA680092DC90 /* Products */ = {
			isa = PBXGroup;
			children = (
				F4FD0E1120AFCA680092DC90 /* GradientDemo.app */,
			);
			name = Products;
			sourceTree = "<group>";
		};
		F4FD0E1320AFCA680092DC90 /* GradientDemo */ = {
			isa = PBXGroup;
			children = (
				F4FD0E1420AFCA680092DC90 /* AppDelegate.swift */,
				F4FD0E1B20AFCA690092DC90 /* Assets.xcassets */,
				F4FD0E2020AFCA690092DC90 /* Info.plist */,
				F4FD0E2920AFCAA90092DC90 /* Views */,
				F4FD0E2820AFCA8C0092DC90 /* Controller */,
				F4371CAC20B0185F004FDE6B /* CustomUI */,
				F4FD0E2620AFCA720092DC90 /* Helper */,
				F4FD0E2720AFCA7B0092DC90 /* Extension */,
			);
			path = GradientDemo;
			sourceTree = "<group>";
		};
		F4FD0E2620AFCA720092DC90 /* Helper */ = {
			isa = PBXGroup;
			children = (
				F4371CB320B01AE4004FDE6B /* BlurEffectHelper.swift */,
				F4371CB520B01CC2004FDE6B /* GradientHelper'.swift */,
			);
			path = Helper;
			sourceTree = "<group>";
		};
		F4FD0E2720AFCA7B0092DC90 /* Extension */ = {
			isa = PBXGroup;
			children = (
				F4371CAF20B01901004FDE6B /* Extension + UIView.swift */,
				F4371CB120B0192B004FDE6B /* Extension + NSObject.swift */,
				F4AE19E220C38E98009D4700 /* Extension + UITableView.swift */,
				F40507DD20C6B60B001345A4 /* Extension + Array.swift */,
			);
			path = Extension;
			sourceTree = "<group>";
		};
		F4FD0E2820AFCA8C0092DC90 /* Controller */ = {
			isa = PBXGroup;
			children = (
				F430812B20C659990023BA36 /* BaseDemoVC.swift */,
				F430813020C68DED0023BA36 /* GradientDemoVC.swift */,
				F4FD0E1620AFCA680092DC90 /* BatteryVC.swift */,
				F4AE19DB20C38B5A009D4700 /* MaskVC.swift */,
			);
			path = Controller;
			sourceTree = "<group>";
		};
		F4FD0E2920AFCAA90092DC90 /* Views */ = {
			isa = PBXGroup;
			children = (
				F4FD0E1820AFCA680092DC90 /* Main.storyboard */,
				F4FD0E1D20AFCA690092DC90 /* LaunchScreen.storyboard */,
				F4AE19DD20C38D52009D4700 /* TVCell.swift */,
				F4AE19DE20C38D52009D4700 /* TVCell.xib */,
			);
			path = Views;
			sourceTree = "<group>";
		};
/* End PBXGroup section */

/* Begin PBXNativeTarget section */
		F4FD0E1020AFCA680092DC90 /* GradientDemo */ = {
			isa = PBXNativeTarget;
			buildConfigurationList = F4FD0E2320AFCA690092DC90 /* Build configuration list for PBXNativeTarget "GradientDemo" */;
			buildPhases = (
				F4FD0E0D20AFCA680092DC90 /* Sources */,
				F4FD0E0E20AFCA680092DC90 /* Frameworks */,
				F4FD0E0F20AFCA680092DC90 /* Resources */,
			);
			buildRules = (
			);
			dependencies = (
			);
			name = GradientDemo;
			productName = GradientDemo;
			productReference = F4FD0E1120AFCA680092DC90 /* GradientDemo.app */;
			productType = "com.apple.product-type.application";
		};
/* End PBXNativeTarget section */

/* Begin PBXProject section */
		F4FD0E0920AFCA680092DC90 /* Project object */ = {
			isa = PBXProject;
			attributes = {
				LastSwiftUpdateCheck = 0930;
				LastUpgradeCheck = 0930;
				ORGANIZATIONNAME = aaron;
				TargetAttributes = {
					F4FD0E1020AFCA680092DC90 = {
						CreatedOnToolsVersion = 9.3;
					};
				};
			};
			buildConfigurationList = F4FD0E0C20AFCA680092DC90 /* Build configuration list for PBXProject "GradientDemo" */;
			compatibilityVersion = "Xcode 9.3";
			developmentRegion = en;
			hasScannedForEncodings = 0;
			knownRegions = (
				en,
				Base,
			);
			mainGroup = F4FD0E0820AFCA680092DC90;
			productRefGroup = F4FD0E1220AFCA680092DC90 /* Products */;
			projectDirPath = "";
			projectRoot = "";
			targets = (
				F4FD0E1020AFCA680092DC90 /* GradientDemo */,
			);
		};
/* End PBXProject section */

/* Begin PBXResourcesBuildPhase section */
		F4FD0E0F20AFCA680092DC90 /* Resources */ = {
			isa = PBXResourcesBuildPhase;
			buildActionMask = 2147483647;
			files = (
				F4FD0E1F20AFCA690092DC90 /* LaunchScreen.storyboard in Resources */,
				F4AE19E020C38D52009D4700 /* TVCell.xib in Resources */,
				F4FD0E1C20AFCA690092DC90 /* Assets.xcassets in Resources */,
				F4FD0E1A20AFCA680092DC90 /* Main.storyboard in Resources */,
			);
			runOnlyForDeploymentPostprocessing = 0;
		};
/* End PBXResourcesBuildPhase section */

/* Begin PBXSourcesBuildPhase section */
		F4FD0E0D20AFCA680092DC90 /* Sources */ = {
			isa = PBXSourcesBuildPhase;
			buildActionMask = 2147483647;
			files = (
				F430812C20C659990023BA36 /* BaseDemoVC.swift in Sources */,
				F40507DE20C6B60B001345A4 /* Extension + Array.swift in Sources */,
				F4371CB020B01901004FDE6B /* Extension + UIView.swift in Sources */,
				F4FD0E1720AFCA680092DC90 /* BatteryVC.swift in Sources */,
				F4371CB620B01CC2004FDE6B /* GradientHelper'.swift in Sources */,
				F4AE19DF20C38D52009D4700 /* TVCell.swift in Sources */,
				F4AE19E320C38E98009D4700 /* Extension + UITableView.swift in Sources */,
				F482B32220B03BDF0040DD7C /* BlurBatteryView.swift in Sources */,
				F430813120C68DED0023BA36 /* GradientDemoVC.swift in Sources */,
				F4371CAE20B01885004FDE6B /* BatteryView.swift in Sources */,
				F4FD0E1520AFCA680092DC90 /* AppDelegate.swift in Sources */,
				F4371CB220B0192B004FDE6B /* Extension + NSObject.swift in Sources */,
				F4AE19DC20C38B5A009D4700 /* MaskVC.swift in Sources */,
				F4371CB420B01AE4004FDE6B /* BlurEffectHelper.swift in Sources */,
			);
			runOnlyForDeploymentPostprocessing = 0;
		};
/* End PBXSourcesBuildPhase section */

/* Begin PBXVariantGroup section */
		F4FD0E1820AFCA680092DC90 /* Main.storyboard */ = {
			isa = PBXVariantGroup;
			children = (
				F4FD0E1920AFCA680092DC90 /* Base */,
			);
			name = Main.storyboard;
			sourceTree = "<group>";
		};
		F4FD0E1D20AFCA690092DC90 /* LaunchScreen.storyboard */ = {
			isa = PBXVariantGroup;
			children = (
				F4FD0E1E20AFCA690092DC90 /* Base */,
			);
			name = LaunchScreen.storyboard;
			sourceTree = "<group>";
		};
/* End PBXVariantGroup section */

/* Begin XCBuildConfiguration section */
		F4FD0E2120AFCA690092DC90 /* Debug */ = {
			isa = XCBuildConfiguration;
			buildSettings = {
				ALWAYS_SEARCH_USER_PATHS = NO;
				CLANG_ANALYZER_NONNULL = YES;
				CLANG_ANALYZER_NUMBER_OBJECT_CONVERSION = YES_AGGRESSIVE;
				CLANG_CXX_LANGUAGE_STANDARD = "gnu++14";
				CLANG_CXX_LIBRARY = "libc++";
				CLANG_ENABLE_MODULES = YES;
				CLANG_ENABLE_OBJC_ARC = YES;
				CLANG_ENABLE_OBJC_WEAK = YES;
				CLANG_WARN_BLOCK_CAPTURE_AUTORELEASING = YES;
				CLANG_WARN_BOOL_CONVERSION = YES;
				CLANG_WARN_COMMA = YES;
				CLANG_WARN_CONSTANT_CONVERSION = YES;
				CLANG_WARN_DEPRECATED_OBJC_IMPLEMENTATIONS = YES;
				CLANG_WARN_DIRECT_OBJC_ISA_USAGE = YES_ERROR;
				CLANG_WARN_DOCUMENTATION_COMMENTS = YES;
				CLANG_WARN_EMPTY_BODY = YES;
				CLANG_WARN_ENUM_CONVERSION = YES;
				CLANG_WARN_INFINITE_RECURSION = YES;
				CLANG_WARN_INT_CONVERSION = YES;
				CLANG_WARN_NON_LITERAL_NULL_CONVERSION = YES;
				CLANG_WARN_OBJC_IMPLICIT_RETAIN_SELF = YES;
				CLANG_WARN_OBJC_LITERAL_CONVERSION = YES;
				CLANG_WARN_OBJC_ROOT_CLASS = YES_ERROR;
				CLANG_WARN_RANGE_LOOP_ANALYSIS = YES;
				CLANG_WARN_STRICT_PROTOTYPES = YES;
				CLANG_WARN_SUSPICIOUS_MOVE = YES;
				CLANG_WARN_UNGUARDED_AVAILABILITY = YES_AGGRESSIVE;
				CLANG_WARN_UNREACHABLE_CODE = YES;
				CLANG_WARN__DUPLICATE_METHOD_MATCH = YES;
				CODE_SIGN_IDENTITY = "iPhone Developer";
				COPY_PHASE_STRIP = NO;
				DEBUG_INFORMATION_FORMAT = dwarf;
				ENABLE_STRICT_OBJC_MSGSEND = YES;
				ENABLE_TESTABILITY = YES;
				GCC_C_LANGUAGE_STANDARD = gnu11;
				GCC_DYNAMIC_NO_PIC = NO;
				GCC_NO_COMMON_BLOCKS = YES;
				GCC_OPTIMIZATION_LEVEL = 0;
				GCC_PREPROCESSOR_DEFINITIONS = (
					"DEBUG=1",
					"$(inherited)",
				);
				GCC_WARN_64_TO_32_BIT_CONVERSION = YES;
				GCC_WARN_ABOUT_RETURN_TYPE = YES_ERROR;
				GCC_WARN_UNDECLARED_SELECTOR = YES;
				GCC_WARN_UNINITIALIZED_AUTOS = YES_AGGRESSIVE;
				GCC_WARN_UNUSED_FUNCTION = YES;
				GCC_WARN_UNUSED_VARIABLE = YES;
				IPHONEOS_DEPLOYMENT_TARGET = 11.3;
				MTL_ENABLE_DEBUG_INFO = YES;
				ONLY_ACTIVE_ARCH = YES;
				SDKROOT = iphoneos;
				SWIFT_ACTIVE_COMPILATION_CONDITIONS = DEBUG;
				SWIFT_OPTIMIZATION_LEVEL = "-Onone";
			};
			name = Debug;
		};
		F4FD0E2220AFCA690092DC90 /* Release */ = {
			isa = XCBuildConfiguration;
			buildSettings = {
				ALWAYS_SEARCH_USER_PATHS = NO;
				CLANG_ANALYZER_NONNULL = YES;
				CLANG_ANALYZER_NUMBER_OBJECT_CONVERSION = YES_AGGRESSIVE;
				CLANG_CXX_LANGUAGE_STANDARD = "gnu++14";
				CLANG_CXX_LIBRARY = "libc++";
				CLANG_ENABLE_MODULES = YES;
				CLANG_ENABLE_OBJC_ARC = YES;
				CLANG_ENABLE_OBJC_WEAK = YES;
				CLANG_WARN_BLOCK_CAPTURE_AUTORELEASING = YES;
				CLANG_WARN_BOOL_CONVERSION = YES;
				CLANG_WARN_COMMA = YES;
				CLANG_WARN_CONSTANT_CONVERSION = YES;
				CLANG_WARN_DEPRECATED_OBJC_IMPLEMENTATIONS = YES;
				CLANG_WARN_DIRECT_OBJC_ISA_USAGE = YES_ERROR;
				CLANG_WARN_DOCUMENTATION_COMMENTS = YES;
				CLANG_WARN_EMPTY_BODY = YES;
				CLANG_WARN_ENUM_CONVERSION = YES;
				CLANG_WARN_INFINITE_RECURSION = YES;
				CLANG_WARN_INT_CONVERSION = YES;
				CLANG_WARN_NON_LITERAL_NULL_CONVERSION = YES;
				CLANG_WARN_OBJC_IMPLICIT_RETAIN_SELF = YES;
				CLANG_WARN_OBJC_LITERAL_CONVERSION = YES;
				CLANG_WARN_OBJC_ROOT_CLASS = YES_ERROR;
				CLANG_WARN_RANGE_LOOP_ANALYSIS = YES;
				CLANG_WARN_STRICT_PROTOTYPES = YES;
				CLANG_WARN_SUSPICIOUS_MOVE = YES;
				CLANG_WARN_UNGUARDED_AVAILABILITY = YES_AGGRESSIVE;
				CLANG_WARN_UNREACHABLE_CODE = YES;
				CLANG_WARN__DUPLICATE_METHOD_MATCH = YES;
				CODE_SIGN_IDENTITY = "iPhone Developer";
				COPY_PHASE_STRIP = NO;
				DEBUG_INFORMATION_FORMAT = "dwarf-with-dsym";
				ENABLE_NS_ASSERTIONS = NO;
				ENABLE_STRICT_OBJC_MSGSEND = YES;
				GCC_C_LANGUAGE_STANDARD = gnu11;
				GCC_NO_COMMON_BLOCKS = YES;
				GCC_WARN_64_TO_32_BIT_CONVERSION = YES;
				GCC_WARN_ABOUT_RETURN_TYPE = YES_ERROR;
				GCC_WARN_UNDECLARED_SELECTOR = YES;
				GCC_WARN_UNINITIALIZED_AUTOS = YES_AGGRESSIVE;
				GCC_WARN_UNUSED_FUNCTION = YES;
				GCC_WARN_UNUSED_VARIABLE = YES;
				IPHONEOS_DEPLOYMENT_TARGET = 11.3;
				MTL_ENABLE_DEBUG_INFO = NO;
				SDKROOT = iphoneos;
				SWIFT_COMPILATION_MODE = wholemodule;
				SWIFT_OPTIMIZATION_LEVEL = "-O";
				VALIDATE_PRODUCT = YES;
			};
			name = Release;
		};
		F4FD0E2420AFCA690092DC90 /* Debug */ = {
			isa = XCBuildConfiguration;
			buildSettings = {
				ASSETCATALOG_COMPILER_APPICON_NAME = AppIcon;
				CODE_SIGN_STYLE = Automatic;
				DEVELOPMENT_TEAM = 7Y4TPNE48W;
				INFOPLIST_FILE = GradientDemo/Info.plist;
				IPHONEOS_DEPLOYMENT_TARGET = 10.0;
				LD_RUNPATH_SEARCH_PATHS = (
					"$(inherited)",
					"@executable_path/Frameworks",
				);
				PRODUCT_BUNDLE_IDENTIFIER = com.aaronni.GradientDemo;
				PRODUCT_NAME = "$(TARGET_NAME)";
				SWIFT_VERSION = 4.0;
				TARGETED_DEVICE_FAMILY = "1,2";
			};
			name = Debug;
		};
		F4FD0E2520AFCA690092DC90 /* Release */ = {
			isa = XCBuildConfiguration;
			buildSettings = {
				ASSETCATALOG_COMPILER_APPICON_NAME = AppIcon;
				CODE_SIGN_STYLE = Automatic;
				DEVELOPMENT_TEAM = 7Y4TPNE48W;
				INFOPLIST_FILE = GradientDemo/Info.plist;
				IPHONEOS_DEPLOYMENT_TARGET = 10.0;
				LD_RUNPATH_SEARCH_PATHS = (
					"$(inherited)",
					"@executable_path/Frameworks",
				);
				PRODUCT_BUNDLE_IDENTIFIER = com.aaronni.GradientDemo;
				PRODUCT_NAME = "$(TARGET_NAME)";
				SWIFT_VERSION = 4.0;
				TARGETED_DEVICE_FAMILY = "1,2";
			};
			name = Release;
		};
/* End XCBuildConfiguration section */

/* Begin XCConfigurationList section */
		F4FD0E0C20AFCA680092DC90 /* Build configuration list for PBXProject "GradientDemo" */ = {
			isa = XCConfigurationList;
			buildConfigurations = (
				F4FD0E2120AFCA690092DC90 /* Debug */,
				F4FD0E2220AFCA690092DC90 /* Release */,
			);
			defaultConfigurationIsVisible = 0;
			defaultConfigurationName = Release;
		};
		F4FD0E2320AFCA690092DC90 /* Build configuration list for PBXNativeTarget "GradientDemo" */ = {
			isa = XCConfigurationList;
			buildConfigurations = (
				F4FD0E2420AFCA690092DC90 /* Debug */,
				F4FD0E2520AFCA690092DC90 /* Release */,
			);
			defaultConfigurationIsVisible = 0;
			defaultConfigurationName = Release;
		};
/* End XCConfigurationList section */
	};
	rootObject = F4FD0E0920AFCA680092DC90 /* Project object */;
}
